// !$*UTF8*$!
{
	archiveVersion = 1;
	classes = {
	};
	objectVersion = 48;
	objects = {

/* Begin PBXBuildFile section */
		AE9939BC1FC6C81D008595FF /* AppDelegate.swift in Sources */ = {isa = PBXBuildFile; fileRef = AE9939BB1FC6C81D008595FF /* AppDelegate.swift */; };
		AE9939BE1FC6C81D008595FF /* ViewController.swift in Sources */ = {isa = PBXBuildFile; fileRef = AE9939BD1FC6C81D008595FF /* ViewController.swift */; };
		AE9939C11FC6C81D008595FF /* Main.storyboard in Resources */ = {isa = PBXBuildFile; fileRef = AE9939BF1FC6C81D008595FF /* Main.storyboard */; };
		AE9939C31FC6C81D008595FF /* Assets.xcassets in Resources */ = {isa = PBXBuildFile; fileRef = AE9939C21FC6C81D008595FF /* Assets.xcassets */; };
		AE9939C61FC6C81D008595FF /* LaunchScreen.storyboard in Resources */ = {isa = PBXBuildFile; fileRef = AE9939C41FC6C81D008595FF /* LaunchScreen.storyboard */; };
		AE9939CE1FC6C835008595FF /* PickerView.swift in Sources */ = {isa = PBXBuildFile; fileRef = AE9939CD1FC6C835008595FF /* PickerView.swift */; };
/* End PBXBuildFile section */

/* Begin PBXFileReference section */
		AE9939B81FC6C81D008595FF /* DataPickerViewDemo.app */ = {isa = PBXFileReference; explicitFileType = wrapper.application; includeInIndex = 0; path = DataPickerViewDemo.app; sourceTree = BUILT_PRODUCTS_DIR; };
		AE9939BB1FC6C81D008595FF /* AppDelegate.swift */ = {isa = PBXFileReference; lastKnownFileType = sourcecode.swift; path = AppDelegate.swift; sourceTree = "<group>"; };
		AE9939BD1FC6C81D008595FF /* ViewController.swift */ = {isa = PBXFileReference; lastKnownFileType = sourcecode.swift; path = ViewController.swift; sourceTree = "<group>"; };
		AE9939C01FC6C81D008595FF /* Base */ = {isa = PBXFileReference; lastKnownFileType = file.storyboard; name = Base; path = Base.lproj/Main.storyboard; sourceTree = "<group>"; };
		AE9939C21FC6C81D008595FF /* Assets.xcassets */ = {isa = PBXFileReference; lastKnownFileType = folder.assetcatalog; path = Assets.xcassets; sourceTree = "<group>"; };
		AE9939C51FC6C81D008595FF /* Base */ = {isa = PBXFileReference; lastKnownFileType = file.storyboard; name = Base; path = Base.lproj/LaunchScreen.storyboard; sourceTree = "<group>"; };
		AE9939C71FC6C81D008595FF /* Info.plist */ = {isa = PBXFileReference; lastKnownFileType = text.plist.xml; path = Info.plist; sourceTree = "<group>"; };
		AE9939CD1FC6C835008595FF /* PickerView.swift */ = {isa = PBXFileReference; fileEncoding = 4; lastKnownFileType = sourcecode.swift; path = PickerView.swift; sourceTree = "<group>"; };
/* End PBXFileReference section */

/* Begin PBXFrameworksBuildPhase section */
		AE9939B51FC6C81D008595FF /* Frameworks */ = {
			isa = PBXFrameworksBuildPhase;
			buildActionMask = 2147483647;
			files = (
			);
			runOnlyForDeploymentPostprocessing = 0;
		};
/* End PBXFrameworksBuildPhase section */

/* Begin PBXGroup section */
		AE9939AF1FC6C81D008595FF = {
			isa = PBXGroup;
			children = (
				AE9939BA1FC6C81D008595FF /* DataPickerViewDemo */,
				AE9939B91FC6C81D008595FF /* Products */,
			);
			sourceTree = "<group>";
		};
		AE9939B91FC6C81D008595FF /* Products */ = {
			isa = PBXGroup;
			children = (
				AE9939B81FC6C81D008595FF /* DataPickerViewDemo.app */,
			);
			name = Products;
			sourceTree = "<group>";
		};
		AE9939BA1FC6C81D008595FF /* DataPickerViewDemo */ = {
			isa = PBXGroup;
			children = (
				AE9939CD1FC6C835008595FF /* PickerView.swift */,
				AE9939BB1FC6C81D008595FF /* AppDelegate.swift */,
				AE9939BD1FC6C81D008595FF /* ViewController.swift */,
				AE9939BF1FC6C81D008595FF /* Main.storyboard */,
				AE9939C21FC6C81D008595FF /* Assets.xcassets */,
				AE9939C41FC6C81D008595FF /* LaunchScreen.storyboard */,
				AE9939C71FC6C81D008595FF /* Info.plist */,
			);
			path = DataPickerViewDemo;
			sourceTree = "<group>";
		};
/* End PBXGroup section */

/* Begin PBXNativeTarget section */
		AE9939B71FC6C81D008595FF /* DataPickerViewDemo */ = {
			isa = PBXNativeTarget;
			buildConfigurationList = AE9939CA1FC6C81D008595FF /* Build configuration list for PBXNativeTarget "DataPickerViewDemo" */;
			buildPhases = (
				AE9939B41FC6C81D008595FF /* Sources */,
				AE9939B51FC6C81D008595FF /* Frameworks */,
				AE9939B61FC6C81D008595FF /* Resources */,
			);
			buildRules = (
			);
			dependencies = (
			);
			name = DataPickerViewDemo;
			productName = DataPickerViewDemo;
			productReference = AE9939B81FC6C81D008595FF /* DataPickerViewDemo.app */;
			productType = "com.apple.product-type.application";
		};
/* End PBXNativeTarget section */

/* Begin PBXProject section */
		AE9939B01FC6C81D008595FF /* Project object */ = {
			isa = PBXProject;
			attributes = {
				LastSwiftUpdateCheck = 0910;
				LastUpgradeCheck = 0910;
				ORGANIZATIONNAME = "郝高明";
				TargetAttributes = {
					AE9939B71FC6C81D008595FF = {
						CreatedOnToolsVersion = 9.1;
						ProvisioningStyle = Automatic;
					};
				};
			};
			buildConfigurationList = AE9939B31FC6C81D008595FF /* Build configuration list for PBXProject "DataPickerViewDemo" */;
			compatibilityVersion = "Xcode 8.0";
			developmentRegion = en;
			hasScannedForEncodings = 0;
			knownRegions = (
				en,
				Base,
			);
			mainGroup = AE9939AF1FC6C81D008595FF;
			productRefGroup = AE9939B91FC6C81D008595FF /* Products */;
			projectDirPath = "";
			projectRoot = "";
			targets = (
				AE9939B71FC6C81D008595FF /* DataPickerViewDemo */,
			);
		};
/* End PBXProject section */

/* Begin PBXResourcesBuildPhase section */
		AE9939B61FC6C81D008595FF /* Resources */ = {
			isa = PBXResourcesBuildPhase;
			buildActionMask = 2147483647;
			files = (
				AE9939C61FC6C81D008595FF /* LaunchScreen.storyboard in Resources */,
				AE9939C31FC6C81D008595FF /* Assets.xcassets in Resources */,
				AE9939C11FC6C81D008595FF /* Main.storyboard in Resources */,
			);
			runOnlyForDeploymentPostprocessing = 0;
		};
/* End PBXResourcesBuildPhase section */

/* Begin PBXSourcesBuildPhase section */
		AE9939B41FC6C81D008595FF /* Sources */ = {
			isa = PBXSourcesBuildPhase;
			buildActionMask = 2147483647;
			files = (
				AE9939BE1FC6C81D008595FF /* ViewController.swift in Sources */,
				AE9939BC1FC6C81D008595FF /* AppDelegate.swift in Sources */,
				AE9939CE1FC6C835008595FF /* PickerView.swift in Sources */,
			);
			runOnlyForDeploymentPostprocessing = 0;
		};
/* End PBXSourcesBuildPhase section */

/* Begin PBXVariantGroup section */
		AE9939BF1FC6C81D008595FF /* Main.storyboard */ = {
			isa = PBXVariantGroup;
			children = (
				AE9939C01FC6C81D008595FF /* Base */,
			);
			name = Main.storyboard;
			sourceTree = "<group>";
		};
		AE9939C41FC6C81D008595FF /* LaunchScreen.storyboard */ = {
			isa = PBXVariantGroup;
			children = (
				AE9939C51FC6C81D008595FF /* Base */,
			);
			name = LaunchScreen.storyboard;
			sourceTree = "<group>";
		};
/* End PBXVariantGroup section */

/* Begin XCBuildConfiguration section */
		AE9939C81FC6C81D008595FF /* Debug */ = {
			isa = XCBuildConfiguration;
			buildSettings = {
				ALWAYS_SEARCH_USER_PATHS = NO;
				CLANG_ANALYZER_NONNULL = YES;
				CLANG_ANALYZER_NUMBER_OBJECT_CONVERSION = YES_AGGRESSIVE;
				CLANG_CXX_LANGUAGE_STANDARD = "gnu++14";
				CLANG_CXX_LIBRARY = "libc++";
				CLANG_ENABLE_MODULES = YES;
				CLANG_ENABLE_OBJC_ARC = YES;
				CLANG_WARN_BLOCK_CAPTURE_AUTORELEASING = YES;
				CLANG_WARN_BOOL_CONVERSION = YES;
				CLANG_WARN_COMMA = YES;
				CLANG_WARN_CONSTANT_CONVERSION = YES;
				CLANG_WARN_DIRECT_OBJC_ISA_USAGE = YES_ERROR;
				CLANG_WARN_DOCUMENTATION_COMMENTS = YES;
				CLANG_WARN_EMPTY_BODY = YES;
				CLANG_WARN_ENUM_CONVERSION = YES;
				CLANG_WARN_INFINITE_RECURSION = YES;
				CLANG_WARN_INT_CONVERSION = YES;
				CLANG_WARN_NON_LITERAL_NULL_CONVERSION = YES;
				CLANG_WARN_OBJC_LITERAL_CONVERSION = YES;
				CLANG_WARN_OBJC_ROOT_CLASS = YES_ERROR;
				CLANG_WARN_RANGE_LOOP_ANALYSIS = YES;
				CLANG_WARN_STRICT_PROTOTYPES = YES;
				CLANG_WARN_SUSPICIOUS_MOVE = YES;
				CLANG_WARN_UNGUARDED_AVAILABILITY = YES_AGGRESSIVE;
				CLANG_WARN_UNREACHABLE_CODE = YES;
				CLANG_WARN__DUPLICATE_METHOD_MATCH = YES;
				CODE_SIGN_IDENTITY = "iPhone Developer";
				COPY_PHASE_STRIP = NO;
				DEBUG_INFORMATION_FORMAT = dwarf;
				ENABLE_STRICT_OBJC_MSGSEND = YES;
				ENABLE_TESTABILITY = YES;
				GCC_C_LANGUAGE_STANDARD = gnu11;
				GCC_DYNAMIC_NO_PIC = NO;
				GCC_NO_COMMON_BLOCKS = YES;
				GCC_OPTIMIZATION_LEVEL = 0;
				GCC_PREPROCESSOR_DEFINITIONS = (
					"DEBUG=1",
					"$(inherited)",
				);
				GCC_WARN_64_TO_32_BIT_CONVERSION = YES;
				GCC_WARN_ABOUT_RETURN_TYPE = YES_ERROR;
				GCC_WARN_UNDECLARED_SELECTOR = YES;
				GCC_WARN_UNINITIALIZED_AUTOS = YES_AGGRESSIVE;
				GCC_WARN_UNUSED_FUNCTION = YES;
				GCC_WARN_UNUSED_VARIABLE = YES;
				IPHONEOS_DEPLOYMENT_TARGET = 11.1;
				MTL_ENABLE_DEBUG_INFO = YES;
				ONLY_ACTIVE_ARCH = YES;
				SDKROOT = iphoneos;
				SWIFT_ACTIVE_COMPILATION_CONDITIONS = DEBUG;
				SWIFT_OPTIMIZATION_LEVEL = "-Onone";
			};
			name = Debug;
		};
		AE9939C91FC6C81D008595FF /* Release */ = {
			isa = XCBuildConfiguration;
			buildSettings = {
				ALWAYS_SEARCH_USER_PATHS = NO;
				CLANG_ANALYZER_NONNULL = YES;
				CLANG_ANALYZER_NUMBER_OBJECT_CONVERSION = YES_AGGRESSIVE;
				CLANG_CXX_LANGUAGE_STANDARD = "gnu++14";
				CLANG_CXX_LIBRARY = "libc++";
				CLANG_ENABLE_MODULES = YES;
				CLANG_ENABLE_OBJC_ARC = YES;
				CLANG_WARN_BLOCK_CAPTURE_AUTORELEASING = YES;
				CLANG_WARN_BOOL_CONVERSION = YES;
				CLANG_WARN_COMMA = YES;
				CLANG_WARN_CONSTANT_CONVERSION = YES;
				CLANG_WARN_DIRECT_OBJC_ISA_USAGE = YES_ERROR;
				CLANG_WARN_DOCUMENTATION_COMMENTS = YES;
				CLANG_WARN_EMPTY_BODY = YES;
				CLANG_WARN_ENUM_CONVERSION = YES;
				CLANG_WARN_INFINITE_RECURSION = YES;
				CLANG_WARN_INT_CONVERSION = YES;
				CLANG_WARN_NON_LITERAL_NULL_CONVERSION = YES;
				CLANG_WARN_OBJC_LITERAL_CONVERSION = YES;
				CLANG_WARN_OBJC_ROOT_CLASS = YES_ERROR;
				CLANG_WARN_RANGE_LOOP_ANALYSIS = YES;
				CLANG_WARN_STRICT_PROTOTYPES = YES;
				CLANG_WARN_SUSPICIOUS_MOVE = YES;
				CLANG_WARN_UNGUARDED_AVAILABILITY = YES_AGGRESSIVE;
				CLANG_WARN_UNREACHABLE_CODE = YES;
				CLANG_WARN__DUPLICATE_METHOD_MATCH = YES;
				CODE_SIGN_IDENTITY = "iPhone Developer";
				COPY_PHASE_STRIP = NO;
				DEBUG_INFORMATION_FORMAT = "dwarf-with-dsym";
				ENABLE_NS_ASSERTIONS = NO;
				ENABLE_STRICT_OBJC_MSGSEND = YES;
				GCC_C_LANGUAGE_STANDARD = gnu11;
				GCC_NO_COMMON_BLOCKS = YES;
				GCC_WARN_64_TO_32_BIT_CONVERSION = YES;
				GCC_WARN_ABOUT_RETURN_TYPE = YES_ERROR;
				GCC_WARN_UNDECLARED_SELECTOR = YES;
				GCC_WARN_UNINITIALIZED_AUTOS = YES_AGGRESSIVE;
				GCC_WARN_UNUSED_FUNCTION = YES;
				GCC_WARN_UNUSED_VARIABLE = YES;
				IPHONEOS_DEPLOYMENT_TARGET = 11.1;
				MTL_ENABLE_DEBUG_INFO = NO;
				SDKROOT = iphoneos;
				SWIFT_OPTIMIZATION_LEVEL = "-Owholemodule";
				VALIDATE_PRODUCT = YES;
			};
			name = Release;
		};
		AE9939CB1FC6C81D008595FF /* Debug */ = {
			isa = XCBuildConfiguration;
			buildSettings = {
				ASSETCATALOG_COMPILER_APPICON_NAME = AppIcon;
				CODE_SIGN_STYLE = Automatic;
				INFOPLIST_FILE = DataPickerViewDemo/Info.plist;
				LD_RUNPATH_SEARCH_PATHS = "$(inherited) @executable_path/Frameworks";
				PRODUCT_BUNDLE_IDENTIFIER = com.artron.DataPickerViewDemo;
				PRODUCT_NAME = "$(TARGET_NAME)";
				SWIFT_VERSION = 4.0;
				TARGETED_DEVICE_FAMILY = "1,2";
			};
			name = Debug;
		};
		AE9939CC1FC6C81D008595FF /* Release */ = {
			isa = XCBuildConfiguration;
			buildSettings = {
				ASSETCATALOG_COMPILER_APPICON_NAME = AppIcon;
				CODE_SIGN_STYLE = Automatic;
				INFOPLIST_FILE = DataPickerViewDemo/Info.plist;
				LD_RUNPATH_SEARCH_PATHS = "$(inherited) @executable_path/Frameworks";
				PRODUCT_BUNDLE_IDENTIFIER = com.artron.DataPickerViewDemo;
				PRODUCT_NAME = "$(TARGET_NAME)";
				SWIFT_VERSION = 4.0;
				TARGETED_DEVICE_FAMILY = "1,2";
			};
			name = Release;
		};
/* End XCBuildConfiguration section */

/* Begin XCConfigurationList section */
		AE9939B31FC6C81D008595FF /* Build configuration list for PBXProject "DataPickerViewDemo" */ = {
			isa = XCConfigurationList;
			buildConfigurations = (
				AE9939C81FC6C81D008595FF /* Debug */,
				AE9939C91FC6C81D008595FF /* Release */,
			);
			defaultConfigurationIsVisible = 0;
			defaultConfigurationName = Release;
		};
		AE9939CA1FC6C81D008595FF /* Build configuration list for PBXNativeTarget "DataPickerViewDemo" */ = {
			isa = XCConfigurationList;
			buildConfigurations = (
				AE9939CB1FC6C81D008595FF /* Debug */,
				AE9939CC1FC6C81D008595FF /* Release */,
			);
			defaultConfigurationIsVisible = 0;
			defaultConfigurationName = Release;
		};
/* End XCConfigurationList section */
	};
	rootObject = AE9939B01FC6C81D008595FF /* Project object */;
}
